// !$*UTF8*$!
{
	archiveVersion = 1;
	classes = {
	};
	objectVersion = 51;
	objects = {

/* Begin PBXBuildFile section */
		62C3B6DC63EC27184AF3C2B1 /* Pods_XcodeGenSample.framework in Frameworks */ = {isa = PBXBuildFile; fileRef = 7D9DCCBC006ACCBEA093E400 /* Pods_XcodeGenSample.framework */; };
		767E8032D0D4323F8FDB78B9 /* Assets.xcassets in Resources */ = {isa = PBXBuildFile; fileRef = 8ED26A3E7460D9645B8B2B6A /* Assets.xcassets */; };
		871AA752B244D94ED11BF789 /* Preview Assets.xcassets in Resources */ = {isa = PBXBuildFile; fileRef = ADCFD8E24DFDC93408663B34 /* Preview Assets.xcassets */; };
		93917DBDDF4BFAAC956729EB /* XcodeGenSampleApp.swift in Sources */ = {isa = PBXBuildFile; fileRef = C72788E6A29AEE7D3E4365BF /* XcodeGenSampleApp.swift */; };
		B946F8D92C48CA5261B5E40D /* ContentView.swift in Sources */ = {isa = PBXBuildFile; fileRef = 4E93D57293A5B56BCE577869 /* ContentView.swift */; };
/* End PBXBuildFile section */

/* Begin PBXFileReference section */
		15A7D1C34E15EAD074846B79 /* Pods-XcodeGenSample.release.xcconfig */ = {isa = PBXFileReference; includeInIndex = 1; lastKnownFileType = text.xcconfig; name = "Pods-XcodeGenSample.release.xcconfig"; path = "Target Support Files/Pods-XcodeGenSample/Pods-XcodeGenSample.release.xcconfig"; sourceTree = "<group>"; };
		25625F24AC32E293D4C0DBAE /* XcodeGenSample.app */ = {isa = PBXFileReference; includeInIndex = 0; lastKnownFileType = wrapper.application; path = XcodeGenSample.app; sourceTree = BUILT_PRODUCTS_DIR; };
		3A07DB924B416EE77820BAE2 /* info.plist */ = {isa = PBXFileReference; lastKnownFileType = text.plist; path = info.plist; sourceTree = "<group>"; };
		4E93D57293A5B56BCE577869 /* ContentView.swift */ = {isa = PBXFileReference; lastKnownFileType = sourcecode.swift; path = ContentView.swift; sourceTree = "<group>"; };
		7D9DCCBC006ACCBEA093E400 /* Pods_XcodeGenSample.framework */ = {isa = PBXFileReference; explicitFileType = wrapper.framework; includeInIndex = 0; path = Pods_XcodeGenSample.framework; sourceTree = BUILT_PRODUCTS_DIR; };
		8ED26A3E7460D9645B8B2B6A /* Assets.xcassets */ = {isa = PBXFileReference; lastKnownFileType = folder.assetcatalog; path = Assets.xcassets; sourceTree = "<group>"; };
		ADCFD8E24DFDC93408663B34 /* Preview Assets.xcassets */ = {isa = PBXFileReference; lastKnownFileType = folder.assetcatalog; path = "Preview Assets.xcassets"; sourceTree = "<group>"; };
		C72788E6A29AEE7D3E4365BF /* XcodeGenSampleApp.swift */ = {isa = PBXFileReference; lastKnownFileType = sourcecode.swift; path = XcodeGenSampleApp.swift; sourceTree = "<group>"; };
		FACCDC55B7687C59C3EEA22C /* Pods-XcodeGenSample.debug.xcconfig */ = {isa = PBXFileReference; includeInIndex = 1; lastKnownFileType = text.xcconfig; name = "Pods-XcodeGenSample.debug.xcconfig"; path = "Target Support Files/Pods-XcodeGenSample/Pods-XcodeGenSample.debug.xcconfig"; sourceTree = "<group>"; };
/* End PBXFileReference section */

/* Begin PBXFrameworksBuildPhase section */
		AB8CE593B9C8AF818A5B840A /* Frameworks */ = {
			isa = PBXFrameworksBuildPhase;
			buildActionMask = 2147483647;
			files = (
				62C3B6DC63EC27184AF3C2B1 /* Pods_XcodeGenSample.framework in Frameworks */,
			);
			runOnlyForDeploymentPostprocessing = 0;
		};
/* End PBXFrameworksBuildPhase section */

/* Begin PBXGroup section */
		0AB97B21899B1DD630D57836 = {
			isa = PBXGroup;
			children = (
				35A3B9D5AA6D2136F0BCFEB3 /* XcodeGenSample */,
				57CA9F0434D6600EE2796AAA /* Products */,
				77B19733A1D51EAA2908C550 /* Pods */,
				2AAE636B06E409F42DE5E7DE /* Frameworks */,
			);
			sourceTree = "<group>";
		};
		2AAE636B06E409F42DE5E7DE /* Frameworks */ = {
			isa = PBXGroup;
			children = (
				7D9DCCBC006ACCBEA093E400 /* Pods_XcodeGenSample.framework */,
			);
			name = Frameworks;
			sourceTree = "<group>";
		};
		35A3B9D5AA6D2136F0BCFEB3 /* XcodeGenSample */ = {
			isa = PBXGroup;
			children = (
				8ED26A3E7460D9645B8B2B6A /* Assets.xcassets */,
				4E93D57293A5B56BCE577869 /* ContentView.swift */,
				3A07DB924B416EE77820BAE2 /* info.plist */,
				C72788E6A29AEE7D3E4365BF /* XcodeGenSampleApp.swift */,
				D8567FC6254F429A8D025874 /* Preview Content */,
			);
			path = XcodeGenSample;
			sourceTree = "<group>";
		};
		57CA9F0434D6600EE2796AAA /* Products */ = {
			isa = PBXGroup;
			children = (
				25625F24AC32E293D4C0DBAE /* XcodeGenSample.app */,
			);
			name = Products;
			sourceTree = "<group>";
		};
		77B19733A1D51EAA2908C550 /* Pods */ = {
			isa = PBXGroup;
			children = (
				FACCDC55B7687C59C3EEA22C /* Pods-XcodeGenSample.debug.xcconfig */,
				15A7D1C34E15EAD074846B79 /* Pods-XcodeGenSample.release.xcconfig */,
			);
			name = Pods;
			path = Pods;
			sourceTree = "<group>";
		};
		D8567FC6254F429A8D025874 /* Preview Content */ = {
			isa = PBXGroup;
			children = (
				ADCFD8E24DFDC93408663B34 /* Preview Assets.xcassets */,
			);
			path = "Preview Content";
			sourceTree = "<group>";
		};
/* End PBXGroup section */

/* Begin PBXNativeTarget section */
		C354936B9C02F1532C76B841 /* XcodeGenSample */ = {
			isa = PBXNativeTarget;
			buildConfigurationList = 040C4A68538C0CAB7771C811 /* Build configuration list for PBXNativeTarget "XcodeGenSample" */;
			buildPhases = (
				45A665579FFBFC48EDF3C11F /* [CP] Check Pods Manifest.lock */,
				9CFD89AD94416159A347114C /* Sources */,
				9026981F6EC7BD8E5170FB4E /* Resources */,
				AB8CE593B9C8AF818A5B840A /* Frameworks */,
				92851DBDB7B93930084163EC /* [CP] Embed Pods Frameworks */,
			);
			buildRules = (
			);
			dependencies = (
			);
			name = XcodeGenSample;
			productName = XcodeGenSample;
			productReference = 25625F24AC32E293D4C0DBAE /* XcodeGenSample.app */;
			productType = "com.apple.product-type.application";
		};
/* End PBXNativeTarget section */

/* Begin PBXProject section */
		E7113BE8386631F1325BCCC2 /* Project object */ = {
			isa = PBXProject;
			attributes = {
				LastUpgradeCheck = 1310;
				TargetAttributes = {
					C354936B9C02F1532C76B841 = {
						DevelopmentTeam = RJTYFV5RFU;
					};
				};
			};
			buildConfigurationList = A0EC3B7709182C50626059B7 /* Build configuration list for PBXProject "XcodeGenSample" */;
			compatibilityVersion = "Xcode 11.0";
			developmentRegion = en;
			hasScannedForEncodings = 0;
			knownRegions = (
				Base,
				en,
			);
			mainGroup = 0AB97B21899B1DD630D57836;
			productRefGroup = 57CA9F0434D6600EE2796AAA /* Products */;
			projectDirPath = "";
			projectRoot = "";
			targets = (
				C354936B9C02F1532C76B841 /* XcodeGenSample */,
			);
		};
/* End PBXProject section */

/* Begin PBXResourcesBuildPhase section */
		9026981F6EC7BD8E5170FB4E /* Resources */ = {
			isa = PBXResourcesBuildPhase;
			buildActionMask = 2147483647;
			files = (
				767E8032D0D4323F8FDB78B9 /* Assets.xcassets in Resources */,
				871AA752B244D94ED11BF789 /* Preview Assets.xcassets in Resources */,
			);
			runOnlyForDeploymentPostprocessing = 0;
		};
/* End PBXResourcesBuildPhase section */

/* Begin PBXShellScriptBuildPhase section */
		45A665579FFBFC48EDF3C11F /* [CP] Check Pods Manifest.lock */ = {
			isa = PBXShellScriptBuildPhase;
			buildActionMask = 2147483647;
			files = (
			);
			inputFileListPaths = (
			);
			inputPaths = (
				"${PODS_PODFILE_DIR_PATH}/Podfile.lock",
				"${PODS_ROOT}/Manifest.lock",
			);
			name = "[CP] Check Pods Manifest.lock";
			outputFileListPaths = (
			);
			outputPaths = (
				"$(DERIVED_FILE_DIR)/Pods-XcodeGenSample-checkManifestLockResult.txt",
			);
			runOnlyForDeploymentPostprocessing = 0;
			shellPath = /bin/sh;
			shellScript = "diff \"${PODS_PODFILE_DIR_PATH}/Podfile.lock\" \"${PODS_ROOT}/Manifest.lock\" > /dev/null\nif [ $? != 0 ] ; then\n    # print error to STDERR\n    echo \"error: The sandbox is not in sync with the Podfile.lock. Run 'pod install' or update your CocoaPods installation.\" >&2\n    exit 1\nfi\n# This output is used by Xcode 'outputs' to avoid re-running this script phase.\necho \"SUCCESS\" > \"${SCRIPT_OUTPUT_FILE_0}\"\n";
			showEnvVarsInLog = 0;
		};
		92851DBDB7B93930084163EC /* [CP] Embed Pods Frameworks */ = {
			isa = PBXShellScriptBuildPhase;
			buildActionMask = 2147483647;
			files = (
			);
			inputFileListPaths = (
				"${PODS_ROOT}/Target Support Files/Pods-XcodeGenSample/Pods-XcodeGenSample-frameworks-${CONFIGURATION}-input-files.xcfilelist",
			);
			name = "[CP] Embed Pods Frameworks";
			outputFileListPaths = (
				"${PODS_ROOT}/Target Support Files/Pods-XcodeGenSample/Pods-XcodeGenSample-frameworks-${CONFIGURATION}-output-files.xcfilelist",
			);
			runOnlyForDeploymentPostprocessing = 0;
			shellPath = /bin/sh;
			shellScript = "\"${PODS_ROOT}/Target Support Files/Pods-XcodeGenSample/Pods-XcodeGenSample-frameworks.sh\"\n";
			showEnvVarsInLog = 0;
		};
/* End PBXShellScriptBuildPhase section */

/* Begin PBXSourcesBuildPhase section */
		9CFD89AD94416159A347114C /* Sources */ = {
			isa = PBXSourcesBuildPhase;
			buildActionMask = 2147483647;
			files = (
				B946F8D92C48CA5261B5E40D /* ContentView.swift in Sources */,
				93917DBDDF4BFAAC956729EB /* XcodeGenSampleApp.swift in Sources */,
			);
			runOnlyForDeploymentPostprocessing = 0;
		};
/* End PBXSourcesBuildPhase section */

/* Begin XCBuildConfiguration section */
		42E546171C3E45348A1BA9CF /* Debug */ = {
			isa = XCBuildConfiguration;
			buildSettings = {
				ALWAYS_SEARCH_USER_PATHS = NO;
				CLANG_ANALYZER_NONNULL = YES;
				CLANG_ANALYZER_NUMBER_OBJECT_CONVERSION = YES_AGGRESSIVE;
				CLANG_CXX_LANGUAGE_STANDARD = "gnu++14";
				CLANG_CXX_LIBRARY = "libc++";
				CLANG_ENABLE_MODULES = YES;
				CLANG_ENABLE_OBJC_ARC = YES;
				CLANG_ENABLE_OBJC_WEAK = YES;
				CLANG_WARN_BLOCK_CAPTURE_AUTORELEASING = YES;
				CLANG_WARN_BOOL_CONVERSION = YES;
				CLANG_WARN_COMMA = YES;
				CLANG_WARN_CONSTANT_CONVERSION = YES;
				CLANG_WARN_DEPRECATED_OBJC_IMPLEMENTATIONS = YES;
				CLANG_WARN_DIRECT_OBJC_ISA_USAGE = YES_ERROR;
				CLANG_WARN_DOCUMENTATION_COMMENTS = YES;
				CLANG_WARN_EMPTY_BODY = YES;
				CLANG_WARN_ENUM_CONVERSION = YES;
				CLANG_WARN_INFINITE_RECURSION = YES;
				CLANG_WARN_INT_CONVERSION = YES;
				CLANG_WARN_NON_LITERAL_NULL_CONVERSION = YES;
				CLANG_WARN_OBJC_IMPLICIT_RETAIN_SELF = YES;
				CLANG_WARN_OBJC_LITERAL_CONVERSION = YES;
				CLANG_WARN_OBJC_ROOT_CLASS = YES_ERROR;
				CLANG_WARN_QUOTED_INCLUDE_IN_FRAMEWORK_HEADER = YES;
				CLANG_WARN_RANGE_LOOP_ANALYSIS = YES;
				CLANG_WARN_STRICT_PROTOTYPES = YES;
				CLANG_WARN_SUSPICIOUS_MOVE = YES;
				CLANG_WARN_UNGUARDED_AVAILABILITY = YES_AGGRESSIVE;
				CLANG_WARN_UNREACHABLE_CODE = YES;
				CLANG_WARN__DUPLICATE_METHOD_MATCH = YES;
				COPY_PHASE_STRIP = NO;
				DEBUG_INFORMATION_FORMAT = dwarf;
				ENABLE_STRICT_OBJC_MSGSEND = YES;
				ENABLE_TESTABILITY = YES;
				GCC_C_LANGUAGE_STANDARD = gnu11;
				GCC_DYNAMIC_NO_PIC = NO;
				GCC_NO_COMMON_BLOCKS = YES;
				GCC_OPTIMIZATION_LEVEL = 0;
				GCC_PREPROCESSOR_DEFINITIONS = (
					"$(inherited)",
					"DEBUG=1",
				);
				GCC_WARN_64_TO_32_BIT_CONVERSION = YES;
				GCC_WARN_ABOUT_RETURN_TYPE = YES_ERROR;
				GCC_WARN_UNDECLARED_SELECTOR = YES;
				GCC_WARN_UNINITIALIZED_AUTOS = YES_AGGRESSIVE;
				GCC_WARN_UNUSED_FUNCTION = YES;
				GCC_WARN_UNUSED_VARIABLE = YES;
				IPHONEOS_DEPLOYMENT_TARGET = 14.0;
				MTL_ENABLE_DEBUG_INFO = INCLUDE_SOURCE;
				MTL_FAST_MATH = YES;
				ONLY_ACTIVE_ARCH = YES;
				PRODUCT_NAME = "$(TARGET_NAME)";
				SDKROOT = iphoneos;
				SWIFT_ACTIVE_COMPILATION_CONDITIONS = DEBUG;
				SWIFT_OPTIMIZATION_LEVEL = "-Onone";
				SWIFT_VERSION = 5.0;
			};
			name = Debug;
		};
		A3FBBCA6A3DB6D8A5A5459BF /* Release */ = {
			isa = XCBuildConfiguration;
			baseConfigurationReference = 15A7D1C34E15EAD074846B79 /* Pods-XcodeGenSample.release.xcconfig */;
			buildSettings = {
				ASSETCATALOG_COMPILER_APPICON_NAME = AppIcon;
				CODE_SIGN_IDENTITY = Automatic;
				CURRENT_PROJECT_VERSION = 1.0;
				DEVELOPMENT_TEAM = RJTYFV5RFU;
				INFOPLIST_FILE = XcodeGenSample/info.plist;
				LD_RUNPATH_SEARCH_PATHS = (
					"$(inherited)",
					"@executable_path/Frameworks",
				);
				MARKETING_VERSION = 1.0;
				PRODUCT_BUNDLE_IDENTIFIER = tk.XcodeGenSample;
				SDKROOT = iphoneos;
				TARGETED_DEVICE_FAMILY = "1,2";
			};
			name = Release;
		};
		C60B803DDAEFF1464BF1EC92 /* Release */ = {
			isa = XCBuildConfiguration;
			buildSettings = {
				ALWAYS_SEARCH_USER_PATHS = NO;
				CLANG_ANALYZER_NONNULL = YES;
				CLANG_ANALYZER_NUMBER_OBJECT_CONVERSION = YES_AGGRESSIVE;
				CLANG_CXX_LANGUAGE_STANDARD = "gnu++14";
				CLANG_CXX_LIBRARY = "libc++";
				CLANG_ENABLE_MODULES = YES;
				CLANG_ENABLE_OBJC_ARC = YES;
				CLANG_ENABLE_OBJC_WEAK = YES;
				CLANG_WARN_BLOCK_CAPTURE_AUTORELEASING = YES;
				CLANG_WARN_BOOL_CONVERSION = YES;
				CLANG_WARN_COMMA = YES;
				CLANG_WARN_CONSTANT_CONVERSION = YES;
				CLANG_WARN_DEPRECATED_OBJC_IMPLEMENTATIONS = YES;
				CLANG_WARN_DIRECT_OBJC_ISA_USAGE = YES_ERROR;
				CLANG_WARN_DOCUMENTATION_COMMENTS = YES;
				CLANG_WARN_EMPTY_BODY = YES;
				CLANG_WARN_ENUM_CONVERSION = YES;
				CLANG_WARN_INFINITE_RECURSION = YES;
				CLANG_WARN_INT_CONVERSION = YES;
				CLANG_WARN_NON_LITERAL_NULL_CONVERSION = YES;
				CLANG_WARN_OBJC_IMPLICIT_RETAIN_SELF = YES;
				CLANG_WARN_OBJC_LITERAL_CONVERSION = YES;
				CLANG_WARN_OBJC_ROOT_CLASS = YES_ERROR;
				CLANG_WARN_QUOTED_INCLUDE_IN_FRAMEWORK_HEADER = YES;
				CLANG_WARN_RANGE_LOOP_ANALYSIS = YES;
				CLANG_WARN_STRICT_PROTOTYPES = YES;
				CLANG_WARN_SUSPICIOUS_MOVE = YES;
				CLANG_WARN_UNGUARDED_AVAILABILITY = YES_AGGRESSIVE;
				CLANG_WARN_UNREACHABLE_CODE = YES;
				CLANG_WARN__DUPLICATE_METHOD_MATCH = YES;
				COPY_PHASE_STRIP = NO;
				DEBUG_INFORMATION_FORMAT = "dwarf-with-dsym";
				ENABLE_NS_ASSERTIONS = NO;
				ENABLE_STRICT_OBJC_MSGSEND = YES;
				GCC_C_LANGUAGE_STANDARD = gnu11;
				GCC_NO_COMMON_BLOCKS = YES;
				GCC_WARN_64_TO_32_BIT_CONVERSION = YES;
				GCC_WARN_ABOUT_RETURN_TYPE = YES_ERROR;
				GCC_WARN_UNDECLARED_SELECTOR = YES;
				GCC_WARN_UNINITIALIZED_AUTOS = YES_AGGRESSIVE;
				GCC_WARN_UNUSED_FUNCTION = YES;
				GCC_WARN_UNUSED_VARIABLE = YES;
				IPHONEOS_DEPLOYMENT_TARGET = 14.0;
				MTL_ENABLE_DEBUG_INFO = NO;
				MTL_FAST_MATH = YES;
				PRODUCT_NAME = "$(TARGET_NAME)";
				SDKROOT = iphoneos;
				SWIFT_COMPILATION_MODE = wholemodule;
				SWIFT_OPTIMIZATION_LEVEL = "-O";
				SWIFT_VERSION = 5.0;
			};
			name = Release;
		};
		E281A9B37AC6706F3E79C0A5 /* Debug */ = {
			isa = XCBuildConfiguration;
			baseConfigurationReference = FACCDC55B7687C59C3EEA22C /* Pods-XcodeGenSample.debug.xcconfig */;
			buildSettings = {
				ASSETCATALOG_COMPILER_APPICON_NAME = AppIcon;
				CODE_SIGN_IDENTITY = Automatic;
				CURRENT_PROJECT_VERSION = 1.0;
				DEVELOPMENT_TEAM = RJTYFV5RFU;
				INFOPLIST_FILE = XcodeGenSample/info.plist;
				LD_RUNPATH_SEARCH_PATHS = (
					"$(inherited)",
					"@executable_path/Frameworks",
				);
				MARKETING_VERSION = 1.0;
				PRODUCT_BUNDLE_IDENTIFIER = tk.XcodeGenSample;
				SDKROOT = iphoneos;
				TARGETED_DEVICE_FAMILY = "1,2";
			};
			name = Debug;
		};
/* End XCBuildConfiguration section */

/* Begin XCConfigurationList section */
		040C4A68538C0CAB7771C811 /* Build configuration list for PBXNativeTarget "XcodeGenSample" */ = {
			isa = XCConfigurationList;
			buildConfigurations = (
				E281A9B37AC6706F3E79C0A5 /* Debug */,
				A3FBBCA6A3DB6D8A5A5459BF /* Release */,
			);
			defaultConfigurationIsVisible = 0;
			defaultConfigurationName = Debug;
		};
		A0EC3B7709182C50626059B7 /* Build configuration list for PBXProject "XcodeGenSample" */ = {
			isa = XCConfigurationList;
			buildConfigurations = (
				42E546171C3E45348A1BA9CF /* Debug */,
				C60B803DDAEFF1464BF1EC92 /* Release */,
			);
			defaultConfigurationIsVisible = 0;
			defaultConfigurationName = Debug;
		};
/* End XCConfigurationList section */
	};
	rootObject = E7113BE8386631F1325BCCC2 /* Project object */;
}
